{
  "name": "GAE-merge-env-vars",
  "version": "1.0.0",
  "lockfileVersion": 1,
  "requires": true,
  "dependencies": {
    "@actions/core": {
      "version": "1.2.4",
      "resolved": "https://registry.npmjs.org/@actions/core/-/core-1.2.4.tgz",
      "integrity": "sha512-YJCEq8BE3CdN8+7HPZ/4DxJjk/OkZV2FFIf+DlZTC/4iBlzYCD5yjRR6eiOS5llO11zbRltIRuKAjMKaWTE6cg=="
    },
    "yaml": {
      "version": "1.10.0",
      "resolved": "https://registry.npmjs.org/yaml/-/yaml-1.10.0.tgz",
      "integrity": "sha512-yr2icI4glYaNG+KWONODapy2/jDdMSDnrONSjblABjD9B4Z5LgiircSt8m8sRZFNi08kG9Sm0uSHtEmP3zaEGg=="
    }
  }
}
